
Microsoft Visual Studio Solution File, Format Version 12.00
# Visual Studio Version 17
VisualStudioVersion = 17.8.34330.188
MinimumVisualStudioVersion = 10.0.40219.1
Project("{2150E333-8FDC-42A3-9474-1A3956D46DE8}") = "ChainOfResponsibilityDesignPattern", "ChainOfResponsibilityDesignPattern", "{B47CD52D-1EC8-47BB-8E52-49F6E4FC9738}"
EndProject
Project("{9A19103F-16F7-4668-BE54-9A1E7A4F7556}") = "DesignPattern.ChainOfResponsibility", "ChainOfResponsibilityDesignPattern\DesignPattern.ChainOfResponsibility\DesignPattern.ChainOfResponsibility.csproj", "{FCB5E6F9-201E-4DFE-B9C7-41C0593C6D09}"
EndProject
Project("{2150E333-8FDC-42A3-9474-1A3956D46DE8}") = "CQRSDesignPattern", "CQRSDesignPattern", "{4BCD072B-8727-47D3-BB8A-E858485F2357}"
EndProject
Project("{9A19103F-16F7-4668-BE54-9A1E7A4F7556}") = "DesignPattern.CQRS", "CQRSDesignPattern\DesignPattern.CQRS\DesignPattern.CQRS.csproj", "{64007F0D-0A30-49D6-8AEA-2D5F211DB39A}"
EndProject
Project("{2150E333-8FDC-42A3-9474-1A3956D46DE8}") = "TemplateMethodDesignPattern", "TemplateMethodDesignPattern", "{178C4745-6312-403B-92A1-E19891BF1D8A}"
EndProject
Project("{9A19103F-16F7-4668-BE54-9A1E7A4F7556}") = "DesignPattern.TemplateMethod", "TemplateMethodDesignPattern\DesignPattern.TemplateMethod\DesignPattern.TemplateMethod.csproj", "{6EF6214E-67E2-496D-8CC6-99763A0789A3}"
EndProject
Project("{2150E333-8FDC-42A3-9474-1A3956D46DE8}") = "ObserverDesignPattern", "ObserverDesignPattern", "{E980D430-A02E-4F9E-B45D-EBF642F8926A}"
EndProject
Project("{9A19103F-16F7-4668-BE54-9A1E7A4F7556}") = "DesignPattern.Observer", "ObserverDesignPattern\DesignPattern.Observer\DesignPattern.Observer.csproj", "{AA0BE28F-C56F-4867-BA12-5254181BEFB8}"
EndProject
Project("{2150E333-8FDC-42A3-9474-1A3956D46DE8}") = "UnitOfWorkDesignPattern", "UnitOfWorkDesignPattern", "{4A958779-0A0A-45A3-B9D5-E47F4B4689DD}"
EndProject
Project("{9A19103F-16F7-4668-BE54-9A1E7A4F7556}") = "DesignPattern.UnitOfWork", "UnitOfWorkDesignPattern\DesignPattern.UnitOfWork\DesignPattern.UnitOfWork.csproj", "{00287CA3-DCE2-497B-8610-27C115D13F9A}"
EndProject
Project("{9A19103F-16F7-4668-BE54-9A1E7A4F7556}") = "DesignPattern.EntityLayer", "UnitOfWorkDesignPattern\DesignPattern.EntityLayer\DesignPattern.EntityLayer.csproj", "{5630BB4D-B788-41D9-8A85-2E9258ACF472}"
EndProject
Project("{9A19103F-16F7-4668-BE54-9A1E7A4F7556}") = "DesignPattern.DataAccessLayer", "UnitOfWorkDesignPattern\DesignPattern.DataAccessLayer\DesignPattern.DataAccessLayer.csproj", "{3FB66037-2C42-4FCF-8AA2-4F06574AC021}"
EndProject
Project("{9A19103F-16F7-4668-BE54-9A1E7A4F7556}") = "DesignPattern.BusinessLayer", "UnitOfWorkDesignPattern\DesignPattern.BusinessLayer\DesignPattern.BusinessLayer.csproj", "{4E65A268-D748-4268-A077-DD2A0C2515BD}"
EndProject
Project("{2150E333-8FDC-42A3-9474-1A3956D46DE8}") = "RepositoryDesignPattern", "RepositoryDesignPattern", "{31E35720-1E0A-4F80-9FA3-93EF4E6A3F84}"
EndProject
Project("{9A19103F-16F7-4668-BE54-9A1E7A4F7556}") = "RepositoryDesignPattern.EntityLayer", "RepositoryDesignPattern\RepositoryDesignPattern.EntityLayer\RepositoryDesignPattern.EntityLayer.csproj", "{CFBA5368-77E1-4EAF-B7A8-C69F5F2D807B}"
EndProject
Project("{9A19103F-16F7-4668-BE54-9A1E7A4F7556}") = "RepositoryDesignPattern.DataAccessLayer", "RepositoryDesignPattern\RepositoryDesignPattern.DataAccessLayer\RepositoryDesignPattern.DataAccessLayer.csproj", "{2D49FABA-6940-47A6-A7E1-73E7A42CC486}"
EndProject
Project("{9A19103F-16F7-4668-BE54-9A1E7A4F7556}") = "RepositoryDesignPattern.BusinessLayer", "RepositoryDesignPattern\RepositoryDesignPattern.BusinessLayer\RepositoryDesignPattern.BusinessLayer.csproj", "{2EEAF181-C725-4E75-83D3-DB6A76C112B3}"
EndProject
Project("{9A19103F-16F7-4668-BE54-9A1E7A4F7556}") = "RepositoryDesignPattern.PresentationLayer", "RepositoryDesignPattern\RepositoryDesignPattern.PresentationLayer\RepositoryDesignPattern.PresentationLayer.csproj", "{41689508-39D4-4284-9F53-A6E39707A206}"
EndProject
Project("{2150E333-8FDC-42A3-9474-1A3956D46DE8}") = "CompositeDesignPattern", "CompositeDesignPattern", "{E7191F33-7722-4E2E-9694-76644EE410D0}"
EndProject
Project("{9A19103F-16F7-4668-BE54-9A1E7A4F7556}") = "DesignPattern.Composite", "CompositeDesignPattern\DesignPattern.Composite\DesignPattern.Composite.csproj", "{01F9E382-CF4B-409E-81DA-122F30EC629E}"
EndProject
Project("{2150E333-8FDC-42A3-9474-1A3956D46DE8}") = "MediatorDesignPattern", "MediatorDesignPattern", "{772AE57F-9A82-41F7-BED8-FAD3C0F7A564}"
EndProject
Project("{9A19103F-16F7-4668-BE54-9A1E7A4F7556}") = "DesignPattern.Mediator", "MediatorDesignPattern\DesignPattern.Mediator\DesignPattern.Mediator.csproj", "{1CBC1EE7-0F2D-4D26-9E85-2DA730515664}"
EndProject
Project("{2150E333-8FDC-42A3-9474-1A3956D46DE8}") = "IteratorDesignPattern", "IteratorDesignPattern", "{B65E7C78-9994-445F-9CFF-7E9BF90E7E54}"
EndProject
Project("{9A19103F-16F7-4668-BE54-9A1E7A4F7556}") = "DesignPattern.Iterator", "IteratorDesignPattern\DesignPattern.Iterator\DesignPattern.Iterator.csproj", "{0B48F56D-33C9-488F-B218-9FC6AE922DC2}"
EndProject
Project("{2150E333-8FDC-42A3-9474-1A3956D46DE8}") = "FacadeDesignPattern", "FacadeDesignPattern", "{86097577-A067-4B31-BCE1-0ADF4112890D}"
EndProject
Project("{FAE04EC0-301F-11D3-BF4B-00C04F79EFBC}") = "DesignPattern.Facade", "FacadeDesignPattern\DesignPattern.Facade\DesignPattern.Facade.csproj", "{70A4B505-D6BF-471D-A48E-D9D47C917B3D}"
EndProject
Global
	GlobalSection(SolutionConfigurationPlatforms) = preSolution
		Debug|Any CPU = Debug|Any CPU
		Release|Any CPU = Release|Any CPU
	EndGlobalSection
	GlobalSection(ProjectConfigurationPlatforms) = postSolution
		{FCB5E6F9-201E-4DFE-B9C7-41C0593C6D09}.Debug|Any CPU.ActiveCfg = Debug|Any CPU
		{FCB5E6F9-201E-4DFE-B9C7-41C0593C6D09}.Debug|Any CPU.Build.0 = Debug|Any CPU
		{FCB5E6F9-201E-4DFE-B9C7-41C0593C6D09}.Release|Any CPU.ActiveCfg = Release|Any CPU
		{FCB5E6F9-201E-4DFE-B9C7-41C0593C6D09}.Release|Any CPU.Build.0 = Release|Any CPU
		{64007F0D-0A30-49D6-8AEA-2D5F211DB39A}.Debug|Any CPU.ActiveCfg = Debug|Any CPU
		{64007F0D-0A30-49D6-8AEA-2D5F211DB39A}.Debug|Any CPU.Build.0 = Debug|Any CPU
		{64007F0D-0A30-49D6-8AEA-2D5F211DB39A}.Release|Any CPU.ActiveCfg = Release|Any CPU
		{64007F0D-0A30-49D6-8AEA-2D5F211DB39A}.Release|Any CPU.Build.0 = Release|Any CPU
		{6EF6214E-67E2-496D-8CC6-99763A0789A3}.Debug|Any CPU.ActiveCfg = Debug|Any CPU
		{6EF6214E-67E2-496D-8CC6-99763A0789A3}.Debug|Any CPU.Build.0 = Debug|Any CPU
		{6EF6214E-67E2-496D-8CC6-99763A0789A3}.Release|Any CPU.ActiveCfg = Release|Any CPU
		{6EF6214E-67E2-496D-8CC6-99763A0789A3}.Release|Any CPU.Build.0 = Release|Any CPU
		{AA0BE28F-C56F-4867-BA12-5254181BEFB8}.Debug|Any CPU.ActiveCfg = Debug|Any CPU
		{AA0BE28F-C56F-4867-BA12-5254181BEFB8}.Debug|Any CPU.Build.0 = Debug|Any CPU
		{AA0BE28F-C56F-4867-BA12-5254181BEFB8}.Release|Any CPU.ActiveCfg = Release|Any CPU
		{AA0BE28F-C56F-4867-BA12-5254181BEFB8}.Release|Any CPU.Build.0 = Release|Any CPU
		{00287CA3-DCE2-497B-8610-27C115D13F9A}.Debug|Any CPU.ActiveCfg = Debug|Any CPU
		{00287CA3-DCE2-497B-8610-27C115D13F9A}.Debug|Any CPU.Build.0 = Debug|Any CPU
		{00287CA3-DCE2-497B-8610-27C115D13F9A}.Release|Any CPU.ActiveCfg = Release|Any CPU
		{00287CA3-DCE2-497B-8610-27C115D13F9A}.Release|Any CPU.Build.0 = Release|Any CPU
		{5630BB4D-B788-41D9-8A85-2E9258ACF472}.Debug|Any CPU.ActiveCfg = Debug|Any CPU
		{5630BB4D-B788-41D9-8A85-2E9258ACF472}.Debug|Any CPU.Build.0 = Debug|Any CPU
		{5630BB4D-B788-41D9-8A85-2E9258ACF472}.Release|Any CPU.ActiveCfg = Release|Any CPU
		{5630BB4D-B788-41D9-8A85-2E9258ACF472}.Release|Any CPU.Build.0 = Release|Any CPU
		{3FB66037-2C42-4FCF-8AA2-4F06574AC021}.Debug|Any CPU.ActiveCfg = Debug|Any CPU
		{3FB66037-2C42-4FCF-8AA2-4F06574AC021}.Debug|Any CPU.Build.0 = Debug|Any CPU
		{3FB66037-2C42-4FCF-8AA2-4F06574AC021}.Release|Any CPU.ActiveCfg = Release|Any CPU
		{3FB66037-2C42-4FCF-8AA2-4F06574AC021}.Release|Any CPU.Build.0 = Release|Any CPU
		{4E65A268-D748-4268-A077-DD2A0C2515BD}.Debug|Any CPU.ActiveCfg = Debug|Any CPU
		{4E65A268-D748-4268-A077-DD2A0C2515BD}.Debug|Any CPU.Build.0 = Debug|Any CPU
		{4E65A268-D748-4268-A077-DD2A0C2515BD}.Release|Any CPU.ActiveCfg = Release|Any CPU
		{4E65A268-D748-4268-A077-DD2A0C2515BD}.Release|Any CPU.Build.0 = Release|Any CPU
		{CFBA5368-77E1-4EAF-B7A8-C69F5F2D807B}.Debug|Any CPU.ActiveCfg = Debug|Any CPU
		{CFBA5368-77E1-4EAF-B7A8-C69F5F2D807B}.Debug|Any CPU.Build.0 = Debug|Any CPU
		{CFBA5368-77E1-4EAF-B7A8-C69F5F2D807B}.Release|Any CPU.ActiveCfg = Release|Any CPU
		{CFBA5368-77E1-4EAF-B7A8-C69F5F2D807B}.Release|Any CPU.Build.0 = Release|Any CPU
		{2D49FABA-6940-47A6-A7E1-73E7A42CC486}.Debug|Any CPU.ActiveCfg = Debug|Any CPU
		{2D49FABA-6940-47A6-A7E1-73E7A42CC486}.Debug|Any CPU.Build.0 = Debug|Any CPU
		{2D49FABA-6940-47A6-A7E1-73E7A42CC486}.Release|Any CPU.ActiveCfg = Release|Any CPU
		{2D49FABA-6940-47A6-A7E1-73E7A42CC486}.Release|Any CPU.Build.0 = Release|Any CPU
		{2EEAF181-C725-4E75-83D3-DB6A76C112B3}.Debug|Any CPU.ActiveCfg = Debug|Any CPU
		{2EEAF181-C725-4E75-83D3-DB6A76C112B3}.Debug|Any CPU.Build.0 = Debug|Any CPU
		{2EEAF181-C725-4E75-83D3-DB6A76C112B3}.Release|Any CPU.ActiveCfg = Release|Any CPU
		{2EEAF181-C725-4E75-83D3-DB6A76C112B3}.Release|Any CPU.Build.0 = Release|Any CPU
		{41689508-39D4-4284-9F53-A6E39707A206}.Debug|Any CPU.ActiveCfg = Debug|Any CPU
		{41689508-39D4-4284-9F53-A6E39707A206}.Debug|Any CPU.Build.0 = Debug|Any CPU
		{41689508-39D4-4284-9F53-A6E39707A206}.Release|Any CPU.ActiveCfg = Release|Any CPU
		{41689508-39D4-4284-9F53-A6E39707A206}.Release|Any CPU.Build.0 = Release|Any CPU
		{01F9E382-CF4B-409E-81DA-122F30EC629E}.Debug|Any CPU.ActiveCfg = Debug|Any CPU
		{01F9E382-CF4B-409E-81DA-122F30EC629E}.Debug|Any CPU.Build.0 = Debug|Any CPU
		{01F9E382-CF4B-409E-81DA-122F30EC629E}.Release|Any CPU.ActiveCfg = Release|Any CPU
		{01F9E382-CF4B-409E-81DA-122F30EC629E}.Release|Any CPU.Build.0 = Release|Any CPU
		{1CBC1EE7-0F2D-4D26-9E85-2DA730515664}.Debug|Any CPU.ActiveCfg = Debug|Any CPU
		{1CBC1EE7-0F2D-4D26-9E85-2DA730515664}.Debug|Any CPU.Build.0 = Debug|Any CPU
		{1CBC1EE7-0F2D-4D26-9E85-2DA730515664}.Release|Any CPU.ActiveCfg = Release|Any CPU
		{1CBC1EE7-0F2D-4D26-9E85-2DA730515664}.Release|Any CPU.Build.0 = Release|Any CPU
		{0B48F56D-33C9-488F-B218-9FC6AE922DC2}.Debug|Any CPU.ActiveCfg = Debug|Any CPU
		{0B48F56D-33C9-488F-B218-9FC6AE922DC2}.Debug|Any CPU.Build.0 = Debug|Any CPU
		{0B48F56D-33C9-488F-B218-9FC6AE922DC2}.Release|Any CPU.ActiveCfg = Release|Any CPU
		{0B48F56D-33C9-488F-B218-9FC6AE922DC2}.Release|Any CPU.Build.0 = Release|Any CPU
		{70A4B505-D6BF-471D-A48E-D9D47C917B3D}.Debug|Any CPU.ActiveCfg = Debug|Any CPU
		{70A4B505-D6BF-471D-A48E-D9D47C917B3D}.Debug|Any CPU.Build.0 = Debug|Any CPU
		{70A4B505-D6BF-471D-A48E-D9D47C917B3D}.Release|Any CPU.ActiveCfg = Release|Any CPU
		{70A4B505-D6BF-471D-A48E-D9D47C917B3D}.Release|Any CPU.Build.0 = Release|Any CPU
	EndGlobalSection
	GlobalSection(SolutionProperties) = preSolution
		HideSolutionNode = FALSE
	EndGlobalSection
	GlobalSection(NestedProjects) = preSolution
		{FCB5E6F9-201E-4DFE-B9C7-41C0593C6D09} = {B47CD52D-1EC8-47BB-8E52-49F6E4FC9738}
		{64007F0D-0A30-49D6-8AEA-2D5F211DB39A} = {4BCD072B-8727-47D3-BB8A-E858485F2357}
		{6EF6214E-67E2-496D-8CC6-99763A0789A3} = {178C4745-6312-403B-92A1-E19891BF1D8A}
		{AA0BE28F-C56F-4867-BA12-5254181BEFB8} = {E980D430-A02E-4F9E-B45D-EBF642F8926A}
		{00287CA3-DCE2-497B-8610-27C115D13F9A} = {4A958779-0A0A-45A3-B9D5-E47F4B4689DD}
		{5630BB4D-B788-41D9-8A85-2E9258ACF472} = {4A958779-0A0A-45A3-B9D5-E47F4B4689DD}
		{3FB66037-2C42-4FCF-8AA2-4F06574AC021} = {4A958779-0A0A-45A3-B9D5-E47F4B4689DD}
		{4E65A268-D748-4268-A077-DD2A0C2515BD} = {4A958779-0A0A-45A3-B9D5-E47F4B4689DD}
		{CFBA5368-77E1-4EAF-B7A8-C69F5F2D807B} = {31E35720-1E0A-4F80-9FA3-93EF4E6A3F84}
		{2D49FABA-6940-47A6-A7E1-73E7A42CC486} = {31E35720-1E0A-4F80-9FA3-93EF4E6A3F84}
		{2EEAF181-C725-4E75-83D3-DB6A76C112B3} = {31E35720-1E0A-4F80-9FA3-93EF4E6A3F84}
		{41689508-39D4-4284-9F53-A6E39707A206} = {31E35720-1E0A-4F80-9FA3-93EF4E6A3F84}
		{01F9E382-CF4B-409E-81DA-122F30EC629E} = {E7191F33-7722-4E2E-9694-76644EE410D0}
		{1CBC1EE7-0F2D-4D26-9E85-2DA730515664} = {772AE57F-9A82-41F7-BED8-FAD3C0F7A564}
		{0B48F56D-33C9-488F-B218-9FC6AE922DC2} = {B65E7C78-9994-445F-9CFF-7E9BF90E7E54}
		{70A4B505-D6BF-471D-A48E-D9D47C917B3D} = {86097577-A067-4B31-BCE1-0ADF4112890D}
	EndGlobalSection
	GlobalSection(ExtensibilityGlobals) = postSolution
		SolutionGuid = {EB91F13F-5D59-4204-93D7-BF2464AF27B9}
	EndGlobalSection
EndGlobal
